
Microsoft Visual Studio Solution File, Format Version 12.00
# Visual Studio 14
VisualStudioVersion = 14.0.25420.1
MinimumVisualStudioVersion = 10.0.40219.1
Project("{FAE04EC0-301F-11D3-BF4B-00C04F79EFBC}") = "JiraApiConsumer", "JiraApiConsumer\JiraApiConsumer.csproj", "{E755A90C-2262-4BBC-ADA7-9B59073DCEC5}"
EndProject
Project("{2150E333-8FDC-42A3-9474-1A3956D46DE8}") = "Solution Items", "Solution Items", "{9354B4DA-71EB-490E-948B-C52FB270B9E5}"
	ProjectSection(SolutionItems) = preProject
		README.md = README.md
	EndProjectSection
EndProject
Global
	GlobalSection(SolutionConfigurationPlatforms) = preSolution
		Debug|Any CPU = Debug|Any CPU
		Release|Any CPU = Release|Any CPU
	EndGlobalSection
	GlobalSection(ProjectConfigurationPlatforms) = postSolution
		{E755A90C-2262-4BBC-ADA7-9B59073DCEC5}.Debug|Any CPU.ActiveCfg = Debug|Any CPU
		{E755A90C-2262-4BBC-ADA7-9B59073DCEC5}.Debug|Any CPU.Build.0 = Debug|Any CPU
		{E755A90C-2262-4BBC-ADA7-9B59073DCEC5}.Release|Any CPU.ActiveCfg = Release|Any CPU
		{E755A90C-2262-4BBC-ADA7-9B59073DCEC5}.Release|Any CPU.Build.0 = Release|Any CPU
	EndGlobalSection
	GlobalSection(SolutionProperties) = preSolution
		HideSolutionNode = FALSE
	EndGlobalSection
EndGlobal
